
Microsoft Visual Studio Solution File, Format Version 12.00
# Visual Studio 15
VisualStudioVersion = 15.0.27004.2005
MinimumVisualStudioVersion = 10.0.40219.1
Project("{9A19103F-16F7-4668-BE54-9A1E7A4F7556}") = "CourierExpress", "CourierExpress\CourierExpress.csproj", "{4A8D3283-B4D5-431B-9F4F-AA0D92175804}"
EndProject
Project("{9A19103F-16F7-4668-BE54-9A1E7A4F7556}") = "CourierExpress.Models", "CourierExpress.Models\CourierExpress.Models.csproj", "{2B4DB693-0111-4A78-9846-E7AB27D2484B}"
EndProject
Project("{9A19103F-16F7-4668-BE54-9A1E7A4F7556}") = "CourierExpress.DAL", "CourierExpress.DAL\CourierExpress.DAL.csproj", "{B2A962A7-1328-4170-BD95-15A20B108754}"
EndProject
Project("{9A19103F-16F7-4668-BE54-9A1E7A4F7556}") = "CourierExpress.BLL", "CourierExpress.BLL\CourierExpress.BLL.csproj", "{6D43EFED-D56E-4872-9B2A-E68564BD2BA4}"
EndProject
Global
	GlobalSection(SolutionConfigurationPlatforms) = preSolution
		Debug|Any CPU = Debug|Any CPU
		Release|Any CPU = Release|Any CPU
	EndGlobalSection
	GlobalSection(ProjectConfigurationPlatforms) = postSolution
		{4A8D3283-B4D5-431B-9F4F-AA0D92175804}.Debug|Any CPU.ActiveCfg = Debug|Any CPU
		{4A8D3283-B4D5-431B-9F4F-AA0D92175804}.Debug|Any CPU.Build.0 = Debug|Any CPU
		{4A8D3283-B4D5-431B-9F4F-AA0D92175804}.Release|Any CPU.ActiveCfg = Release|Any CPU
		{4A8D3283-B4D5-431B-9F4F-AA0D92175804}.Release|Any CPU.Build.0 = Release|Any CPU
		{2B4DB693-0111-4A78-9846-E7AB27D2484B}.Debug|Any CPU.ActiveCfg = Debug|Any CPU
		{2B4DB693-0111-4A78-9846-E7AB27D2484B}.Debug|Any CPU.Build.0 = Debug|Any CPU
		{2B4DB693-0111-4A78-9846-E7AB27D2484B}.Release|Any CPU.ActiveCfg = Release|Any CPU
		{2B4DB693-0111-4A78-9846-E7AB27D2484B}.Release|Any CPU.Build.0 = Release|Any CPU
		{B2A962A7-1328-4170-BD95-15A20B108754}.Debug|Any CPU.ActiveCfg = Debug|Any CPU
		{B2A962A7-1328-4170-BD95-15A20B108754}.Debug|Any CPU.Build.0 = Debug|Any CPU
		{B2A962A7-1328-4170-BD95-15A20B108754}.Release|Any CPU.ActiveCfg = Release|Any CPU
		{B2A962A7-1328-4170-BD95-15A20B108754}.Release|Any CPU.Build.0 = Release|Any CPU
		{6D43EFED-D56E-4872-9B2A-E68564BD2BA4}.Debug|Any CPU.ActiveCfg = Debug|Any CPU
		{6D43EFED-D56E-4872-9B2A-E68564BD2BA4}.Debug|Any CPU.Build.0 = Debug|Any CPU
		{6D43EFED-D56E-4872-9B2A-E68564BD2BA4}.Release|Any CPU.ActiveCfg = Release|Any CPU
		{6D43EFED-D56E-4872-9B2A-E68564BD2BA4}.Release|Any CPU.Build.0 = Release|Any CPU
	EndGlobalSection
	GlobalSection(SolutionProperties) = preSolution
		HideSolutionNode = FALSE
	EndGlobalSection
	GlobalSection(ExtensibilityGlobals) = postSolution
		SolutionGuid = {C7D2453B-9DB9-4F21-B243-4E8A6B22E130}
	EndGlobalSection
EndGlobal
